
Microsoft Visual Studio Solution File, Format Version 12.00
# Visual Studio Version 17
VisualStudioVersion = 17.7.34221.43
MinimumVisualStudioVersion = 10.0.40219.1
Project("{FAE04EC0-301F-11D3-BF4B-00C04F79EFBC}") = "01_MainSubjects", "01\01_MainSubjects.csproj", "{EDD583EC-B580-42B6-9283-1E362EB9FDC6}"
EndProject
Project("{FAE04EC0-301F-11D3-BF4B-00C04F79EFBC}") = "02_Variables", "02_Variables\02_Variables.csproj", "{5564E459-9605-4FED-B012-FF454CF3CA4A}"
EndProject
Project("{FAE04EC0-301F-11D3-BF4B-00C04F79EFBC}") = "03_MakingDecision", "03_MakingDecision\03_MakingDecision.csproj", "{FE21E9B2-8606-49DA-89C3-EC6257BF16E9}"
EndProject
Project("{FAE04EC0-301F-11D3-BF4B-00C04F79EFBC}") = "04_Loops", "04_Loops\04_Loops.csproj", "{C928888A-21DB-4BC4-96BD-4364E14CB837}"
EndProject
Project("{FAE04EC0-301F-11D3-BF4B-00C04F79EFBC}") = "05_LoopsWithStars", "05_LoopsWithStars\05_LoopsWithStars.csproj", "{38B047BA-6106-4F29-807F-25355DCEF56B}"
EndProject
Project("{FAE04EC0-301F-11D3-BF4B-00C04F79EFBC}") = "06_Arrays", "06_Arrays\06_Arrays.csproj", "{0CC19D8B-992E-40DB-A7F4-40C03B0D273C}"
EndProject
Project("{FAE04EC0-301F-11D3-BF4B-00C04F79EFBC}") = "07_ForeachLoop", "07_ForeachLoop\07_ForeachLoop.csproj", "{BE74EB40-310E-407F-B3A7-6C1EA4473F26}"
EndProject
Project("{FAE04EC0-301F-11D3-BF4B-00C04F79EFBC}") = "08_Methods", "08_Methods\08_Methods.csproj", "{4619A268-5FC9-4EAD-9C66-EC0398E37922}"
EndProject
Project("{FAE04EC0-301F-11D3-BF4B-00C04F79EFBC}") = "09_DatabaseProject", "09_DatabaseProject\09_DatabaseProject.csproj", "{1AFAD97C-7B3A-4439-96F6-38B16F0AAE82}"
EndProject
Global
	GlobalSection(SolutionConfigurationPlatforms) = preSolution
		Debug|Any CPU = Debug|Any CPU
		Release|Any CPU = Release|Any CPU
	EndGlobalSection
	GlobalSection(ProjectConfigurationPlatforms) = postSolution
		{EDD583EC-B580-42B6-9283-1E362EB9FDC6}.Debug|Any CPU.ActiveCfg = Debug|Any CPU
		{EDD583EC-B580-42B6-9283-1E362EB9FDC6}.Debug|Any CPU.Build.0 = Debug|Any CPU
		{EDD583EC-B580-42B6-9283-1E362EB9FDC6}.Release|Any CPU.ActiveCfg = Release|Any CPU
		{EDD583EC-B580-42B6-9283-1E362EB9FDC6}.Release|Any CPU.Build.0 = Release|Any CPU
		{5564E459-9605-4FED-B012-FF454CF3CA4A}.Debug|Any CPU.ActiveCfg = Debug|Any CPU
		{5564E459-9605-4FED-B012-FF454CF3CA4A}.Debug|Any CPU.Build.0 = Debug|Any CPU
		{5564E459-9605-4FED-B012-FF454CF3CA4A}.Release|Any CPU.ActiveCfg = Release|Any CPU
		{5564E459-9605-4FED-B012-FF454CF3CA4A}.Release|Any CPU.Build.0 = Release|Any CPU
		{FE21E9B2-8606-49DA-89C3-EC6257BF16E9}.Debug|Any CPU.ActiveCfg = Debug|Any CPU
		{FE21E9B2-8606-49DA-89C3-EC6257BF16E9}.Debug|Any CPU.Build.0 = Debug|Any CPU
		{FE21E9B2-8606-49DA-89C3-EC6257BF16E9}.Release|Any CPU.ActiveCfg = Release|Any CPU
		{FE21E9B2-8606-49DA-89C3-EC6257BF16E9}.Release|Any CPU.Build.0 = Release|Any CPU
		{C928888A-21DB-4BC4-96BD-4364E14CB837}.Debug|Any CPU.ActiveCfg = Debug|Any CPU
		{C928888A-21DB-4BC4-96BD-4364E14CB837}.Debug|Any CPU.Build.0 = Debug|Any CPU
		{C928888A-21DB-4BC4-96BD-4364E14CB837}.Release|Any CPU.ActiveCfg = Release|Any CPU
		{C928888A-21DB-4BC4-96BD-4364E14CB837}.Release|Any CPU.Build.0 = Release|Any CPU
		{38B047BA-6106-4F29-807F-25355DCEF56B}.Debug|Any CPU.ActiveCfg = Debug|Any CPU
		{38B047BA-6106-4F29-807F-25355DCEF56B}.Debug|Any CPU.Build.0 = Debug|Any CPU
		{38B047BA-6106-4F29-807F-25355DCEF56B}.Release|Any CPU.ActiveCfg = Release|Any CPU
		{38B047BA-6106-4F29-807F-25355DCEF56B}.Release|Any CPU.Build.0 = Release|Any CPU
		{0CC19D8B-992E-40DB-A7F4-40C03B0D273C}.Debug|Any CPU.ActiveCfg = Debug|Any CPU
		{0CC19D8B-992E-40DB-A7F4-40C03B0D273C}.Debug|Any CPU.Build.0 = Debug|Any CPU
		{0CC19D8B-992E-40DB-A7F4-40C03B0D273C}.Release|Any CPU.ActiveCfg = Release|Any CPU
		{0CC19D8B-992E-40DB-A7F4-40C03B0D273C}.Release|Any CPU.Build.0 = Release|Any CPU
		{BE74EB40-310E-407F-B3A7-6C1EA4473F26}.Debug|Any CPU.ActiveCfg = Debug|Any CPU
		{BE74EB40-310E-407F-B3A7-6C1EA4473F26}.Debug|Any CPU.Build.0 = Debug|Any CPU
		{BE74EB40-310E-407F-B3A7-6C1EA4473F26}.Release|Any CPU.ActiveCfg = Release|Any CPU
		{BE74EB40-310E-407F-B3A7-6C1EA4473F26}.Release|Any CPU.Build.0 = Release|Any CPU
		{4619A268-5FC9-4EAD-9C66-EC0398E37922}.Debug|Any CPU.ActiveCfg = Debug|Any CPU
		{4619A268-5FC9-4EAD-9C66-EC0398E37922}.Debug|Any CPU.Build.0 = Debug|Any CPU
		{4619A268-5FC9-4EAD-9C66-EC0398E37922}.Release|Any CPU.ActiveCfg = Release|Any CPU
		{4619A268-5FC9-4EAD-9C66-EC0398E37922}.Release|Any CPU.Build.0 = Release|Any CPU
		{1AFAD97C-7B3A-4439-96F6-38B16F0AAE82}.Debug|Any CPU.ActiveCfg = Debug|Any CPU
		{1AFAD97C-7B3A-4439-96F6-38B16F0AAE82}.Debug|Any CPU.Build.0 = Debug|Any CPU
		{1AFAD97C-7B3A-4439-96F6-38B16F0AAE82}.Release|Any CPU.ActiveCfg = Release|Any CPU
		{1AFAD97C-7B3A-4439-96F6-38B16F0AAE82}.Release|Any CPU.Build.0 = Release|Any CPU
	EndGlobalSection
	GlobalSection(SolutionProperties) = preSolution
		HideSolutionNode = FALSE
	EndGlobalSection
	GlobalSection(ExtensibilityGlobals) = postSolution
		SolutionGuid = {E46559C9-25B7-400C-B9A3-06B5D2534C04}
	EndGlobalSection
EndGlobal
